
Microsoft Visual Studio Solution File, Format Version 12.00
# Visual Studio Version 17
VisualStudioVersion = 17.4.33213.308
MinimumVisualStudioVersion = 10.0.40219.1
Project("{FAE04EC0-301F-11D3-BF4B-00C04F79EFBC}") = "CalculatorProject", "EuclideanAlgorithmForm\CalculatorProject.csproj", "{21938FE7-58EA-42FB-B023-0B6575C299DF}"
EndProject
Global
	GlobalSection(SolutionConfigurationPlatforms) = preSolution
		Debug|Any CPU = Debug|Any CPU
		Release|Any CPU = Release|Any CPU
	EndGlobalSection
	GlobalSection(ProjectConfigurationPlatforms) = postSolution
		{21938FE7-58EA-42FB-B023-0B6575C299DF}.Debug|Any CPU.ActiveCfg = Debug|Any CPU
		{21938FE7-58EA-42FB-B023-0B6575C299DF}.Debug|Any CPU.Build.0 = Debug|Any CPU
		{21938FE7-58EA-42FB-B023-0B6575C299DF}.Release|Any CPU.ActiveCfg = Release|Any CPU
		{21938FE7-58EA-42FB-B023-0B6575C299DF}.Release|Any CPU.Build.0 = Release|Any CPU
	EndGlobalSection
	GlobalSection(SolutionProperties) = preSolution
		HideSolutionNode = FALSE
	EndGlobalSection
	GlobalSection(ExtensibilityGlobals) = postSolution
		SolutionGuid = {010DB83C-2245-4575-A8DB-D6C75DFF26B9}
	EndGlobalSection
EndGlobal
